{
  "version": "2",
  "remote": {
    "https://cdn.jsdelivr.net/gh/httpwg/structured-field-tests/binary.json": "c199707d1797d80f01efa58be19c6c08d3f5ed23c15f3b5b798bafad31a2b92a",
    "https://cdn.jsdelivr.net/gh/httpwg/structured-field-tests/boolean.json": "3a1a498eced48653c2049d5c99dc18e099baa6b47d4ee44532dd805a8a32763f",
    "https://cdn.jsdelivr.net/gh/httpwg/structured-field-tests/dictionary.json": "0d6ec9049a792ab9b15c0cd2b6692f3f53168f2230ec21815eb03a719cde16d1",
    "https://cdn.jsdelivr.net/gh/httpwg/structured-field-tests/examples.json": "f180e525adcb8bf0199e6fdae3e915e030aef28529de138ad2967d2115fd6835",
    "https://cdn.jsdelivr.net/gh/httpwg/structured-field-tests/item.json": "6104e2be2fdc269071973a577ae5460e55c25e40ee138a064a3dabcacf9d99a0",
    "https://cdn.jsdelivr.net/gh/httpwg/structured-field-tests/key-generated.json": "eee9551ef46eca5983e86ad0880c0edddc9f4780285ca9370b1dc52ae7f800f7",
    "https://cdn.jsdelivr.net/gh/httpwg/structured-field-tests/large-generated.json": "f80633eed0b5feed742c1c3bf23e13f82fd453b02b42a6ee8e1cfa44588a5d32",
    "https://cdn.jsdelivr.net/gh/httpwg/structured-field-tests/list.json": "d8d21cac1f5814363a5cfe56b1bd80963bce36cacbb0c1a59d59c14ae7622ba7",
    "https://cdn.jsdelivr.net/gh/httpwg/structured-field-tests/listlist.json": "1346288b8f858bbba05863e3a6d1c5913383d5501ec512f03b9bd26f9885ec3f",
    "https://cdn.jsdelivr.net/gh/httpwg/structured-field-tests/number-generated.json": "32b672b3cc61bc0b26d9d7da4b2d86508e05bab029bfce43a65afc8fd355c922",
    "https://cdn.jsdelivr.net/gh/httpwg/structured-field-tests/number.json": "30ded6b11ae8562373ebe8344f54a504576a818f1502902f793113e36d1cb74f",
    "https://cdn.jsdelivr.net/gh/httpwg/structured-field-tests/param-dict.json": "3dcc8fc0977072d542e34f13dcfe5fe22e520a5abc2220f86ffcbbcc8b409bdb",
    "https://cdn.jsdelivr.net/gh/httpwg/structured-field-tests/param-list.json": "849a0c00f4ee8572b734b2c29023a8b3a4bcea865deabcd8a7318312af0dbdf1",
    "https://cdn.jsdelivr.net/gh/httpwg/structured-field-tests/param-listlist.json": "fde5860376f2be0d2d497fb2e2c5a36ee2bdace0ecfc511ba474ec14e6852321",
    "https://cdn.jsdelivr.net/gh/httpwg/structured-field-tests/serialisation-tests/key-generated.json": "864259576064498dbd9ed72a84a4a099d2a79f9d28d5b9aa8915a4ea49e5c424",
    "https://cdn.jsdelivr.net/gh/httpwg/structured-field-tests/serialisation-tests/number.json": "6fd9be050b10f724524027207e8e261c75a7c9338a1f4a3bcbb3e3ee514e15c9",
    "https://cdn.jsdelivr.net/gh/httpwg/structured-field-tests/serialisation-tests/string-generated.json": "035b53c08a706ce401a3b0e0ebc13bf6090edefc14747089f13bf6ad66e6d822",
    "https://cdn.jsdelivr.net/gh/httpwg/structured-field-tests/serialisation-tests/token-generated.json": "1f4db75952490df9b7ef17f71f745275482f3cb36e34527c3c1ca434f7e3d868",
    "https://cdn.jsdelivr.net/gh/httpwg/structured-field-tests/string-generated.json": "99c4d3dac05e0452a0b8bee2b6b1d78898cfb6ccda2cc34aa6d1fcf1dfd2864a",
    "https://cdn.jsdelivr.net/gh/httpwg/structured-field-tests/string.json": "743d743bf37eac4f2c6d440e349cd4ba758b3f42fda98e772f538ca6564a40ee",
    "https://cdn.jsdelivr.net/gh/httpwg/structured-field-tests/token-generated.json": "084582d7c82dbe4e83873d98ed640e5a414e0d5af191f8103a7af1b6cee19222",
    "https://cdn.jsdelivr.net/gh/httpwg/structured-field-tests/token.json": "9fd251e8ac0cb3ef71533b6063affb09c6faef1cdefa9568ce8c94a0041381ef",
    "https://deno.land/std@0.182.0/encoding/base32.ts": "c329447451560ec692b9eb4d1badb6437f1d419ddbb21c1f994b0fe0b6b66cc8",
    "https://deno.land/std@0.182.0/encoding/base64.ts": "144ae6234c1fbe5b68666c711dc15b1e9ee2aef6d42b3b4345bf9a6c91d70d0d",
    "https://deno.land/std@0.182.0/fmt/colors.ts": "d67e3cd9f472535241a8e410d33423980bec45047e343577554d3356e1f0ef4e",
    "https://deno.land/std@0.182.0/testing/_diff.ts": "1a3c044aedf77647d6cac86b798c6417603361b66b54c53331b312caeb447aea",
    "https://deno.land/std@0.182.0/testing/_format.ts": "a69126e8a469009adf4cf2a50af889aca364c349797e63174884a52ff75cf4c7",
    "https://deno.land/std@0.182.0/testing/_test_suite.ts": "30f018feeb3835f12ab198d8a518f9089b1bcb2e8c838a8b615ab10d5005465c",
    "https://deno.land/std@0.182.0/testing/asserts.ts": "e16d98b4d73ffc4ed498d717307a12500ae4f2cbe668f1a215632d19fcffc22f",
    "https://deno.land/std@0.182.0/testing/bdd.ts": "c5ca6d85940dbcc19b4d2bc3608d49ab65d81470aa91306d5efa4b0d5c945731",
    "https://deno.land/x/isx@1.1.1/is_boolean.ts": "711a4baeb0eb146c9013101d6d8bd90297739a787a6f09c5dd834654fa6d3f52",
    "https://deno.land/x/isx@1.1.1/is_number.ts": "27899cf8c67f304a2d0b635c0787d5197d7a5315525e7b98176b389139b5695a",
    "https://deno.land/x/isx@1.1.1/is_string.ts": "268254eab5f8dbc09ee879eb53675813cdc5350207dde436d457cb34462cc857",
    "https://deno.land/x/isx@1.1.1/iterable/is_empty.ts": "bda353aa1255b997f56a34f93e4000559a8fe556e9d660464aaa97af2bf26b74",
    "https://deno.land/x/isx@1.3.0/is_array.ts": "3f80dd8908c8ca0956b700c5c41b09e93814d12cc6d3a8e5d7b66c1981ce03a3",
    "https://deno.land/x/isx@1.3.0/is_string.ts": "268254eab5f8dbc09ee879eb53675813cdc5350207dde436d457cb34462cc857",
    "https://deno.land/x/prelude_js@1.1.0/deps.ts": "4f59609c3bd00576fdbf618df45e433b4f6e862c2c905a442d9564be20fae322",
    "https://deno.land/x/prelude_js@1.1.0/head.ts": "53e188166d21f10be1d008183095cf8a633e99546fddb4424afe2f26af22bdd2",
    "https://deno.land/x/prelude_js@1.1.0/last.ts": "ddbc1001730493881edfc1f57ba7ee3c0c205e9bbe2d4ee8447f2bfa33fcfbe7",
    "https://deno.land/x/sfv_parser@1.0.0/abnf.ts": "880bc8513454f01bcfd1dca1afbaa9ccd782846a78d0ca9e70e59d50a38fa260",
    "https://deno.land/x/sfv_parser@1.0.0/constants.ts": "b2011b2c2516c0193abce915f8edb4d133a9c56a6ad31985caa6e00a34e7e192",
    "https://deno.land/x/sfv_parser@1.0.0/deps.ts": "d785d7e26684f6ae4e6750b6a020033318d5171c3776fc5ed49848910f2524fe",
    "https://deno.land/x/sfv_parser@1.0.0/mod.ts": "14cbd7c1d7a553a989138c99065e5b65dd46c209246b02c3d6dd039096763ff9",
    "https://deno.land/x/sfv_parser@1.0.0/parse.ts": "224a314aeedca9a15a37d811c1e5a55d7d8c4461077cfabf5663eb2c3a3ba6e1",
    "https://deno.land/x/sfv_parser@1.0.0/stringify.ts": "7a74cc26934b222bc1d0ddb3fb1dc6adaaef70ebad660df740c140b497789cc3",
    "https://deno.land/x/sfv_parser@1.0.0/types.ts": "42d10ebe5610e57742e4fa1fd1f8ae86346937dbf4d722073d34fc094c2754e9",
    "https://deno.land/x/sfv_parser@1.0.0/utils.ts": "36f3e6937b292f4c3ca2c7e1500e2eed8b60647b5de7964efaa4cb4bbfbacb86",
    "https://esm.sh/round-half-even@1.3.0?pin=v114": "bce59066abcdf85641ab5c7eef056dea3e2bc576b493ace793b2537facaba554",
    "https://esm.sh/v114/round-half-even@1.3.0/deno/round-half-even.mjs": "310a2342bd2d1f13b68d23766fbac29023f33a2d7d5b20c0ea5c78b716c37763"
  }
}
