{
  "version": "2",
  "remote": {
    "https://cdn.jsdelivr.net/gh/httpwg/structured-field-tests/binary.json": "c199707d1797d80f01efa58be19c6c08d3f5ed23c15f3b5b798bafad31a2b92a",
    "https://cdn.jsdelivr.net/gh/httpwg/structured-field-tests/boolean.json": "3a1a498eced48653c2049d5c99dc18e099baa6b47d4ee44532dd805a8a32763f",
    "https://cdn.jsdelivr.net/gh/httpwg/structured-field-tests/dictionary.json": "0d6ec9049a792ab9b15c0cd2b6692f3f53168f2230ec21815eb03a719cde16d1",
    "https://cdn.jsdelivr.net/gh/httpwg/structured-field-tests/examples.json": "f180e525adcb8bf0199e6fdae3e915e030aef28529de138ad2967d2115fd6835",
    "https://cdn.jsdelivr.net/gh/httpwg/structured-field-tests/item.json": "6104e2be2fdc269071973a577ae5460e55c25e40ee138a064a3dabcacf9d99a0",
    "https://cdn.jsdelivr.net/gh/httpwg/structured-field-tests/key-generated.json": "eee9551ef46eca5983e86ad0880c0edddc9f4780285ca9370b1dc52ae7f800f7",
    "https://cdn.jsdelivr.net/gh/httpwg/structured-field-tests/large-generated.json": "f80633eed0b5feed742c1c3bf23e13f82fd453b02b42a6ee8e1cfa44588a5d32",
    "https://cdn.jsdelivr.net/gh/httpwg/structured-field-tests/list.json": "d8d21cac1f5814363a5cfe56b1bd80963bce36cacbb0c1a59d59c14ae7622ba7",
    "https://cdn.jsdelivr.net/gh/httpwg/structured-field-tests/listlist.json": "1346288b8f858bbba05863e3a6d1c5913383d5501ec512f03b9bd26f9885ec3f",
    "https://cdn.jsdelivr.net/gh/httpwg/structured-field-tests/number-generated.json": "32b672b3cc61bc0b26d9d7da4b2d86508e05bab029bfce43a65afc8fd355c922",
    "https://cdn.jsdelivr.net/gh/httpwg/structured-field-tests/number.json": "30ded6b11ae8562373ebe8344f54a504576a818f1502902f793113e36d1cb74f",
    "https://cdn.jsdelivr.net/gh/httpwg/structured-field-tests/param-dict.json": "3dcc8fc0977072d542e34f13dcfe5fe22e520a5abc2220f86ffcbbcc8b409bdb",
    "https://cdn.jsdelivr.net/gh/httpwg/structured-field-tests/param-list.json": "849a0c00f4ee8572b734b2c29023a8b3a4bcea865deabcd8a7318312af0dbdf1",
    "https://cdn.jsdelivr.net/gh/httpwg/structured-field-tests/param-listlist.json": "fde5860376f2be0d2d497fb2e2c5a36ee2bdace0ecfc511ba474ec14e6852321",
    "https://cdn.jsdelivr.net/gh/httpwg/structured-field-tests/serialisation-tests/key-generated.json": "864259576064498dbd9ed72a84a4a099d2a79f9d28d5b9aa8915a4ea49e5c424",
    "https://cdn.jsdelivr.net/gh/httpwg/structured-field-tests/serialisation-tests/number.json": "6fd9be050b10f724524027207e8e261c75a7c9338a1f4a3bcbb3e3ee514e15c9",
    "https://cdn.jsdelivr.net/gh/httpwg/structured-field-tests/serialisation-tests/string-generated.json": "035b53c08a706ce401a3b0e0ebc13bf6090edefc14747089f13bf6ad66e6d822",
    "https://cdn.jsdelivr.net/gh/httpwg/structured-field-tests/serialisation-tests/token-generated.json": "1f4db75952490df9b7ef17f71f745275482f3cb36e34527c3c1ca434f7e3d868",
    "https://cdn.jsdelivr.net/gh/httpwg/structured-field-tests/string-generated.json": "99c4d3dac05e0452a0b8bee2b6b1d78898cfb6ccda2cc34aa6d1fcf1dfd2864a",
    "https://cdn.jsdelivr.net/gh/httpwg/structured-field-tests/string.json": "743d743bf37eac4f2c6d440e349cd4ba758b3f42fda98e772f538ca6564a40ee",
    "https://cdn.jsdelivr.net/gh/httpwg/structured-field-tests/token-generated.json": "084582d7c82dbe4e83873d98ed640e5a414e0d5af191f8103a7af1b6cee19222",
    "https://cdn.jsdelivr.net/gh/httpwg/structured-field-tests/token.json": "9fd251e8ac0cb3ef71533b6063affb09c6faef1cdefa9568ce8c94a0041381ef",
    "https://deno.land/std@0.178.0/fmt/colors.ts": "938c5d44d889fb82eff6c358bea8baa7e85950a16c9f6dae3ec3a7a729164471",
    "https://deno.land/std@0.178.0/testing/_diff.ts": "1a3c044aedf77647d6cac86b798c6417603361b66b54c53331b312caeb447aea",
    "https://deno.land/std@0.178.0/testing/_format.ts": "a69126e8a469009adf4cf2a50af889aca364c349797e63174884a52ff75cf4c7",
    "https://deno.land/std@0.178.0/testing/asserts.ts": "984ab0bfb3faeed92ffaa3a6b06536c66811185328c5dd146257c702c41b01ab",
    "https://deno.land/std@0.182.0/collections/partition.ts": "cf57f32e4022d092b209c341a3c04338e8386ab19947a48416e131596d925f08",
    "https://deno.land/std@0.182.0/encoding/base32.ts": "c329447451560ec692b9eb4d1badb6437f1d419ddbb21c1f994b0fe0b6b66cc8",
    "https://deno.land/std@0.182.0/encoding/base64.ts": "144ae6234c1fbe5b68666c711dc15b1e9ee2aef6d42b3b4345bf9a6c91d70d0d",
    "https://deno.land/std@0.182.0/fmt/colors.ts": "d67e3cd9f472535241a8e410d33423980bec45047e343577554d3356e1f0ef4e",
    "https://deno.land/std@0.182.0/testing/_diff.ts": "1a3c044aedf77647d6cac86b798c6417603361b66b54c53331b312caeb447aea",
    "https://deno.land/std@0.182.0/testing/_format.ts": "a69126e8a469009adf4cf2a50af889aca364c349797e63174884a52ff75cf4c7",
    "https://deno.land/std@0.182.0/testing/_test_suite.ts": "30f018feeb3835f12ab198d8a518f9089b1bcb2e8c838a8b615ab10d5005465c",
    "https://deno.land/std@0.182.0/testing/asserts.ts": "e16d98b4d73ffc4ed498d717307a12500ae4f2cbe668f1a215632d19fcffc22f",
    "https://deno.land/std@0.182.0/testing/bdd.ts": "c5ca6d85940dbcc19b4d2bc3608d49ab65d81470aa91306d5efa4b0d5c945731",
    "https://deno.land/x/isx@1.1.1/is_boolean.ts": "711a4baeb0eb146c9013101d6d8bd90297739a787a6f09c5dd834654fa6d3f52",
    "https://deno.land/x/isx@1.1.1/is_number.ts": "27899cf8c67f304a2d0b635c0787d5197d7a5315525e7b98176b389139b5695a",
    "https://deno.land/x/isx@1.1.1/is_string.ts": "268254eab5f8dbc09ee879eb53675813cdc5350207dde436d457cb34462cc857",
    "https://deno.land/x/isx@1.1.1/iterable/is_empty.ts": "bda353aa1255b997f56a34f93e4000559a8fe556e9d660464aaa97af2bf26b74",
    "https://deno.land/x/prelude_js@1.1.0/deps.ts": "4f59609c3bd00576fdbf618df45e433b4f6e862c2c905a442d9564be20fae322",
    "https://deno.land/x/prelude_js@1.1.0/head.ts": "53e188166d21f10be1d008183095cf8a633e99546fddb4424afe2f26af22bdd2",
    "https://deno.land/x/prelude_js@1.1.0/last.ts": "ddbc1001730493881edfc1f57ba7ee3c0c205e9bbe2d4ee8447f2bfa33fcfbe7",
    "https://deno.land/x/sfv_parser@1.0.0-beta.3/abnf.ts": "c84b0c9f8802059f3c24934515f4aa71ca50bbc0c0f5643d9c38a906d3f9d0c2",
    "https://deno.land/x/sfv_parser@1.0.0-beta.3/constants.ts": "b71613cc69cca64a5d777318adba7957b0b9b456cfc2373105e1435efd1d3798",
    "https://deno.land/x/sfv_parser@1.0.0-beta.3/deps.ts": "4e569d82eb19f5bfe5a1101fe91d9062dd2ecaa4275d936181f0b2fe690580b8",
    "https://deno.land/x/sfv_parser@1.0.0-beta.3/mod.ts": "9331ff69b564d972e6dcab00afd9b2c9cee2762d1c72bb6e2efc76f69c8ea37a",
    "https://deno.land/x/sfv_parser@1.0.0-beta.3/parse.ts": "de5b6935f2c1e516455abb7cf42f332d5979b0f7fcb846783fad779d575e739e",
    "https://deno.land/x/sfv_parser@1.0.0-beta.3/stringify.ts": "8dc5848da325f0f908a91701e5fa5c89e2441e812721d1e078985eaa3f6aecbb",
    "https://deno.land/x/sfv_parser@1.0.0-beta.3/types.ts": "67bacaf1491a919906b012b2080ee99e15970bd75085d68322ac62293c070a01",
    "https://deno.land/x/sfv_parser@1.0.0-beta.3/utils.ts": "9350211ee403885a0244027c2f12f65ccb8f54054b2de519b0a2bd02e8f49272",
    "https://esm.sh/pascal-case@3.1.2?pin=v114": "86618bea0f7e8a3e8ee115725f102cd14f9132c4a457064eb271ba6ac34f8df9",
    "https://esm.sh/round-half-even@1.3.0?pin=v114": "bce59066abcdf85641ab5c7eef056dea3e2bc576b493ace793b2537facaba554",
    "https://esm.sh/v114/lower-case@2.0.2/deno/lower-case.mjs": "42fae38b8b200fa4917bec96ac22591d92b3a1a1bb2204862e1dde7cfe9fb95e",
    "https://esm.sh/v114/no-case@3.0.4/deno/no-case.mjs": "8baf8ef929601e744504d28df30c0c3adb94da7a99d6b18f45984c43085a618c",
    "https://esm.sh/v114/no-case@3.0.4/dist/index.d.ts": "b4e123af1af6049685c93073a15868b50aebdad666d422edc72fa2b585fa8a37",
    "https://esm.sh/v114/pascal-case@3.1.2/deno/pascal-case.mjs": "c8b70d12dda386949fbdb11742f415b87bbf19798c9262c5f49a5b0aabf12132",
    "https://esm.sh/v114/pascal-case@3.1.2/dist/index.d.ts": "28ac54ee58b4c625a97f653ce04f2b770dfae92b0fac76050b47e5ea23522c24",
    "https://esm.sh/v114/round-half-even@1.3.0/deno/round-half-even.mjs": "310a2342bd2d1f13b68d23766fbac29023f33a2d7d5b20c0ea5c78b716c37763",
    "https://esm.sh/v114/tslib@2.5.0/deno/tslib.mjs": "54567fc493e230ff1153261ce91401aa22fcb2a781cec480b67244755ba96678"
  }
}
